
Microsoft Visual Studio Solution File, Format Version 12.00
# Visual Studio 14
VisualStudioVersion = 14.0.23107.0
MinimumVisualStudioVersion = 10.0.40219.1
Project("{FAE04EC0-301F-11D3-BF4B-00C04F79EFBC}") = "PokeD.Core", "PokeD.Core\PokeD.Core.csproj", "{1CF84E56-3BBE-4A3A-9234-5951BF2558C3}"
EndProject
Project("{FAE04EC0-301F-11D3-BF4B-00C04F79EFBC}") = "PokeD.SCON", "PokeD.SCON\PokeD.SCON.csproj", "{CC37F46C-5138-4896-A287-CCF985177146}"
EndProject
Project("{FAE04EC0-301F-11D3-BF4B-00C04F79EFBC}") = "PokeD.SCON.Windows", "PokeD.SCON.Windows.csproj", "{10353427-87CF-4AAF-9371-7716D0AD8331}"
EndProject
Project("{FAE04EC0-301F-11D3-BF4B-00C04F79EFBC}") = "PokeD.SCON.UILibrary", "PokeD.SCON\PokeD.SCON.UILibrary\PokeD.SCON.UILibrary.csproj", "{B7EA1EA9-7BE6-4222-A232-3C3136EF0633}"
EndProject
Project("{FAE04EC0-301F-11D3-BF4B-00C04F79EFBC}") = "PokeD.SCON.UIConstructor", "PokeD.SCON\PokeD.SCON.UIConstructor\PokeD.SCON.UIConstructor.csproj", "{E754B38E-618E-4D82-80BA-BE27C2EA77F0}"
EndProject
Project("{FAE04EC0-301F-11D3-BF4B-00C04F79EFBC}") = "Aragas.Core", "Aragas.Core\Aragas.Core.csproj", "{468D9D51-DFE7-47A8-B0D6-52D035FC714D}"
EndProject
Global
	GlobalSection(SolutionConfigurationPlatforms) = preSolution
		Debug|Any CPU = Debug|Any CPU
		Release|Any CPU = Release|Any CPU
	EndGlobalSection
	GlobalSection(ProjectConfigurationPlatforms) = postSolution
		{1CF84E56-3BBE-4A3A-9234-5951BF2558C3}.Debug|Any CPU.ActiveCfg = Debug|Any CPU
		{1CF84E56-3BBE-4A3A-9234-5951BF2558C3}.Debug|Any CPU.Build.0 = Debug|Any CPU
		{1CF84E56-3BBE-4A3A-9234-5951BF2558C3}.Release|Any CPU.ActiveCfg = Release|Any CPU
		{1CF84E56-3BBE-4A3A-9234-5951BF2558C3}.Release|Any CPU.Build.0 = Release|Any CPU
		{CC37F46C-5138-4896-A287-CCF985177146}.Debug|Any CPU.ActiveCfg = Debug|Any CPU
		{CC37F46C-5138-4896-A287-CCF985177146}.Debug|Any CPU.Build.0 = Debug|Any CPU
		{CC37F46C-5138-4896-A287-CCF985177146}.Release|Any CPU.ActiveCfg = Release|Any CPU
		{CC37F46C-5138-4896-A287-CCF985177146}.Release|Any CPU.Build.0 = Release|Any CPU
		{10353427-87CF-4AAF-9371-7716D0AD8331}.Debug|Any CPU.ActiveCfg = Debug|Any CPU
		{10353427-87CF-4AAF-9371-7716D0AD8331}.Debug|Any CPU.Build.0 = Debug|Any CPU
		{10353427-87CF-4AAF-9371-7716D0AD8331}.Release|Any CPU.ActiveCfg = Release|Any CPU
		{10353427-87CF-4AAF-9371-7716D0AD8331}.Release|Any CPU.Build.0 = Release|Any CPU
		{B7EA1EA9-7BE6-4222-A232-3C3136EF0633}.Debug|Any CPU.ActiveCfg = Debug|Any CPU
		{B7EA1EA9-7BE6-4222-A232-3C3136EF0633}.Debug|Any CPU.Build.0 = Debug|Any CPU
		{B7EA1EA9-7BE6-4222-A232-3C3136EF0633}.Release|Any CPU.ActiveCfg = Release|Any CPU
		{B7EA1EA9-7BE6-4222-A232-3C3136EF0633}.Release|Any CPU.Build.0 = Release|Any CPU
		{E754B38E-618E-4D82-80BA-BE27C2EA77F0}.Debug|Any CPU.ActiveCfg = Debug|Any CPU
		{E754B38E-618E-4D82-80BA-BE27C2EA77F0}.Debug|Any CPU.Build.0 = Debug|Any CPU
		{E754B38E-618E-4D82-80BA-BE27C2EA77F0}.Release|Any CPU.ActiveCfg = Release|Any CPU
		{E754B38E-618E-4D82-80BA-BE27C2EA77F0}.Release|Any CPU.Build.0 = Release|Any CPU
		{468D9D51-DFE7-47A8-B0D6-52D035FC714D}.Debug|Any CPU.ActiveCfg = Debug|Any CPU
		{468D9D51-DFE7-47A8-B0D6-52D035FC714D}.Debug|Any CPU.Build.0 = Debug|Any CPU
		{468D9D51-DFE7-47A8-B0D6-52D035FC714D}.Release|Any CPU.ActiveCfg = Release|Any CPU
		{468D9D51-DFE7-47A8-B0D6-52D035FC714D}.Release|Any CPU.Build.0 = Release|Any CPU
	EndGlobalSection
	GlobalSection(SolutionProperties) = preSolution
		HideSolutionNode = FALSE
	EndGlobalSection
EndGlobal
